
Microsoft Visual Studio Solution File, Format Version 12.00
# Visual Studio Version 17
VisualStudioVersion = 17.10.35027.167
MinimumVisualStudioVersion = 10.0.40219.1
Project("{FAE04EC0-301F-11D3-BF4B-00C04F79EFBC}") = "Projeto 1", "Projeto 1\Projeto 1.csproj", "{93F5F5D6-7F6A-48E9-AABC-BD79E47D00CA}"
EndProject
Global
	GlobalSection(SolutionConfigurationPlatforms) = preSolution
		Debug|Any CPU = Debug|Any CPU
		Release|Any CPU = Release|Any CPU
	EndGlobalSection
	GlobalSection(ProjectConfigurationPlatforms) = postSolution
		{93F5F5D6-7F6A-48E9-AABC-BD79E47D00CA}.Debug|Any CPU.ActiveCfg = Debug|Any CPU
		{93F5F5D6-7F6A-48E9-AABC-BD79E47D00CA}.Debug|Any CPU.Build.0 = Debug|Any CPU
		{93F5F5D6-7F6A-48E9-AABC-BD79E47D00CA}.Release|Any CPU.ActiveCfg = Release|Any CPU
		{93F5F5D6-7F6A-48E9-AABC-BD79E47D00CA}.Release|Any CPU.Build.0 = Release|Any CPU
	EndGlobalSection
	GlobalSection(SolutionProperties) = preSolution
		HideSolutionNode = FALSE
	EndGlobalSection
	GlobalSection(ExtensibilityGlobals) = postSolution
		SolutionGuid = {57241C3C-018B-4913-A139-63A1A6FF73B6}
	EndGlobalSection
EndGlobal
